
Microsoft Visual Studio Solution File, Format Version 12.00
# Visual Studio 2013
VisualStudioVersion = 12.0.30110.0
MinimumVisualStudioVersion = 10.0.40219.1
Project("{FAE04EC0-301F-11D3-BF4B-00C04F79EFBC}") = "27Sep2014_Code Examples", "27Sep2014_Code Examples\27Sep2014_Code Examples.csproj", "{2C5C1DFC-865E-4C2A-819C-A5478E5DB8FD}"
EndProject
Project("{FAE04EC0-301F-11D3-BF4B-00C04F79EFBC}") = "ArrayExample", "ArrayExample\ArrayExample.csproj", "{7A3C1FB8-09E5-477D-9DED-A44CAF1C9975}"
EndProject
Global
	GlobalSection(SolutionConfigurationPlatforms) = preSolution
		Debug|Any CPU = Debug|Any CPU
		Release|Any CPU = Release|Any CPU
	EndGlobalSection
	GlobalSection(ProjectConfigurationPlatforms) = postSolution
		{2C5C1DFC-865E-4C2A-819C-A5478E5DB8FD}.Debug|Any CPU.ActiveCfg = Debug|Any CPU
		{2C5C1DFC-865E-4C2A-819C-A5478E5DB8FD}.Debug|Any CPU.Build.0 = Debug|Any CPU
		{2C5C1DFC-865E-4C2A-819C-A5478E5DB8FD}.Release|Any CPU.ActiveCfg = Release|Any CPU
		{2C5C1DFC-865E-4C2A-819C-A5478E5DB8FD}.Release|Any CPU.Build.0 = Release|Any CPU
		{7A3C1FB8-09E5-477D-9DED-A44CAF1C9975}.Debug|Any CPU.ActiveCfg = Debug|Any CPU
		{7A3C1FB8-09E5-477D-9DED-A44CAF1C9975}.Debug|Any CPU.Build.0 = Debug|Any CPU
		{7A3C1FB8-09E5-477D-9DED-A44CAF1C9975}.Release|Any CPU.ActiveCfg = Release|Any CPU
		{7A3C1FB8-09E5-477D-9DED-A44CAF1C9975}.Release|Any CPU.Build.0 = Release|Any CPU
	EndGlobalSection
	GlobalSection(SolutionProperties) = preSolution
		HideSolutionNode = FALSE
	EndGlobalSection
EndGlobal
